
Microsoft Visual Studio Solution File, Format Version 12.00
# Visual Studio 15
VisualStudioVersion = 15.0.27130.2027
MinimumVisualStudioVersion = 10.0.40219.1
Project("{8BC9CEB8-8B4A-11D0-8D11-00A0C91BC942}") = "dataSlice", "dataSlice\dataSlice.vcxproj", "{4EC04045-B71E-4A9D-9E45-83435BE2957A}"
EndProject
Global
	GlobalSection(SolutionConfigurationPlatforms) = preSolution
		Debug|x64 = Debug|x64
		Debug|x86 = Debug|x86
		Release|x64 = Release|x64
		Release|x86 = Release|x86
	EndGlobalSection
	GlobalSection(ProjectConfigurationPlatforms) = postSolution
		{4EC04045-B71E-4A9D-9E45-83435BE2957A}.Debug|x64.ActiveCfg = Debug|x64
		{4EC04045-B71E-4A9D-9E45-83435BE2957A}.Debug|x64.Build.0 = Debug|x64
		{4EC04045-B71E-4A9D-9E45-83435BE2957A}.Debug|x86.ActiveCfg = Debug|Win32
		{4EC04045-B71E-4A9D-9E45-83435BE2957A}.Debug|x86.Build.0 = Debug|Win32
		{4EC04045-B71E-4A9D-9E45-83435BE2957A}.Release|x64.ActiveCfg = Release|x64
		{4EC04045-B71E-4A9D-9E45-83435BE2957A}.Release|x64.Build.0 = Release|x64
		{4EC04045-B71E-4A9D-9E45-83435BE2957A}.Release|x86.ActiveCfg = Release|Win32
		{4EC04045-B71E-4A9D-9E45-83435BE2957A}.Release|x86.Build.0 = Release|Win32
	EndGlobalSection
	GlobalSection(SolutionProperties) = preSolution
		HideSolutionNode = FALSE
	EndGlobalSection
	GlobalSection(ExtensibilityGlobals) = postSolution
		SolutionGuid = {DCD91B19-B510-4706-A785-C7D38E938A4C}
	EndGlobalSection
EndGlobal
